
Microsoft Visual Studio Solution File, Format Version 12.00
# Visual Studio Version 17
VisualStudioVersion = 17.7.34031.279
MinimumVisualStudioVersion = 10.0.40219.1
Project("{FAE04EC0-301F-11D3-BF4B-00C04F79EFBC}") = "ProyectoAPI", "ProyectoAPI\ProyectoAPI.csproj", "{10D97574-2998-465B-9DDA-E112CEBFC905}"
EndProject
Global
	GlobalSection(SolutionConfigurationPlatforms) = preSolution
		Debug|Any CPU = Debug|Any CPU
		Release|Any CPU = Release|Any CPU
	EndGlobalSection
	GlobalSection(ProjectConfigurationPlatforms) = postSolution
		{10D97574-2998-465B-9DDA-E112CEBFC905}.Debug|Any CPU.ActiveCfg = Debug|Any CPU
		{10D97574-2998-465B-9DDA-E112CEBFC905}.Debug|Any CPU.Build.0 = Debug|Any CPU
		{10D97574-2998-465B-9DDA-E112CEBFC905}.Release|Any CPU.ActiveCfg = Release|Any CPU
		{10D97574-2998-465B-9DDA-E112CEBFC905}.Release|Any CPU.Build.0 = Release|Any CPU
	EndGlobalSection
	GlobalSection(SolutionProperties) = preSolution
		HideSolutionNode = FALSE
	EndGlobalSection
	GlobalSection(ExtensibilityGlobals) = postSolution
		SolutionGuid = {71BADA68-8E6D-4F6E-BFE7-077389497E33}
	EndGlobalSection
EndGlobal
